
Microsoft Visual Studio Solution File, Format Version 12.00
# Visual Studio Version 17
VisualStudioVersion = 17.3.32901.215
MinimumVisualStudioVersion = 10.0.40219.1
Project("{FAE04EC0-301F-11D3-BF4B-00C04F79EFBC}") = "AppMvc", "AppMvc\AppMvc.csproj", "{D904E674-3EA1-41A9-9809-66744AB6D2C0}"
EndProject
Global
	GlobalSection(SolutionConfigurationPlatforms) = preSolution
		Debug|Any CPU = Debug|Any CPU
		Release|Any CPU = Release|Any CPU
	EndGlobalSection
	GlobalSection(ProjectConfigurationPlatforms) = postSolution
		{D904E674-3EA1-41A9-9809-66744AB6D2C0}.Debug|Any CPU.ActiveCfg = Debug|Any CPU
		{D904E674-3EA1-41A9-9809-66744AB6D2C0}.Debug|Any CPU.Build.0 = Debug|Any CPU
		{D904E674-3EA1-41A9-9809-66744AB6D2C0}.Release|Any CPU.ActiveCfg = Release|Any CPU
		{D904E674-3EA1-41A9-9809-66744AB6D2C0}.Release|Any CPU.Build.0 = Release|Any CPU
	EndGlobalSection
	GlobalSection(SolutionProperties) = preSolution
		HideSolutionNode = FALSE
	EndGlobalSection
	GlobalSection(ExtensibilityGlobals) = postSolution
		SolutionGuid = {909C10D3-E914-4DD2-97F0-83349EFD27A0}
	EndGlobalSection
EndGlobal
